// !$*UTF8*$!
{
	archiveVersion = 1;
	classes = {
	};
	objectVersion = 46;
	objects = {

/* Begin PBXBuildFile section */
		6ED5A3561967BCBF00086B10 /* Foundation.framework in Frameworks */ = {isa = PBXBuildFile; fileRef = 6ED5A3551967BCBF00086B10 /* Foundation.framework */; };
		6ED5A3581967BCBF00086B10 /* CoreGraphics.framework in Frameworks */ = {isa = PBXBuildFile; fileRef = 6ED5A3571967BCBF00086B10 /* CoreGraphics.framework */; };
		6ED5A35A1967BCBF00086B10 /* UIKit.framework in Frameworks */ = {isa = PBXBuildFile; fileRef = 6ED5A3591967BCBF00086B10 /* UIKit.framework */; };
		6ED5A3601967BCBF00086B10 /* InfoPlist.strings in Resources */ = {isa = PBXBuildFile; fileRef = 6ED5A35E1967BCBF00086B10 /* InfoPlist.strings */; };
		6ED5A3621967BCBF00086B10 /* main.m in Sources */ = {isa = PBXBuildFile; fileRef = 6ED5A3611967BCBF00086B10 /* main.m */; };
		6ED5A3661967BCBF00086B10 /* AppDelegate.m in Sources */ = {isa = PBXBuildFile; fileRef = 6ED5A3651967BCBF00086B10 /* AppDelegate.m */; };
		6ED5A3681967BCBF00086B10 /* Images.xcassets in Resources */ = {isa = PBXBuildFile; fileRef = 6ED5A3671967BCBF00086B10 /* Images.xcassets */; };
		6ED5A36F1967BCBF00086B10 /* XCTest.framework in Frameworks */ = {isa = PBXBuildFile; fileRef = 6ED5A36E1967BCBF00086B10 /* XCTest.framework */; };
		6ED5A3701967BCBF00086B10 /* Foundation.framework in Frameworks */ = {isa = PBXBuildFile; fileRef = 6ED5A3551967BCBF00086B10 /* Foundation.framework */; };
		6ED5A3711967BCBF00086B10 /* UIKit.framework in Frameworks */ = {isa = PBXBuildFile; fileRef = 6ED5A3591967BCBF00086B10 /* UIKit.framework */; };
		6ED5A3791967BCBF00086B10 /* InfoPlist.strings in Resources */ = {isa = PBXBuildFile; fileRef = 6ED5A3771967BCBF00086B10 /* InfoPlist.strings */; };
		6ED5A37B1967BCBF00086B10 /* BlindsViewTests.m in Sources */ = {isa = PBXBuildFile; fileRef = 6ED5A37A1967BCBF00086B10 /* BlindsViewTests.m */; };
		6ED5A3861967BCD400086B10 /* aViewController.m in Sources */ = {isa = PBXBuildFile; fileRef = 6ED5A3851967BCD400086B10 /* aViewController.m */; };
		6ED5A3891967BD4300086B10 /* BlindsSingleView.m in Sources */ = {isa = PBXBuildFile; fileRef = 6ED5A3881967BD4300086B10 /* BlindsSingleView.m */; };
		6ED5A38C1967BE0800086B10 /* 1.jpg in Resources */ = {isa = PBXBuildFile; fileRef = 6ED5A38A1967BE0800086B10 /* 1.jpg */; };
		6ED5A38D1967BE0800086B10 /* 2.jpg in Resources */ = {isa = PBXBuildFile; fileRef = 6ED5A38B1967BE0800086B10 /* 2.jpg */; };
		6ED5A3901967BE9F00086B10 /* BlindsView.m in Sources */ = {isa = PBXBuildFile; fileRef = 6ED5A38F1967BE9F00086B10 /* BlindsView.m */; };
		6ED5A3931967C4CA00086B10 /* UIImage+BlindsCreatViewWithSize.m in Sources */ = {isa = PBXBuildFile; fileRef = 6ED5A3921967C4CA00086B10 /* UIImage+BlindsCreatViewWithSize.m */; };
/* End PBXBuildFile section */

/* Begin PBXContainerItemProxy section */
		6ED5A3721967BCBF00086B10 /* PBXContainerItemProxy */ = {
			isa = PBXContainerItemProxy;
			containerPortal = 6ED5A34A1967BCBF00086B10 /* Project object */;
			proxyType = 1;
			remoteGlobalIDString = 6ED5A3511967BCBF00086B10;
			remoteInfo = BlindsView;
		};
/* End PBXContainerItemProxy section */

/* Begin PBXFileReference section */
		6ED5A3521967BCBF00086B10 /* BlindsView.app */ = {isa = PBXFileReference; explicitFileType = wrapper.application; includeInIndex = 0; path = BlindsView.app; sourceTree = BUILT_PRODUCTS_DIR; };
		6ED5A3551967BCBF00086B10 /* Foundation.framework */ = {isa = PBXFileReference; lastKnownFileType = wrapper.framework; name = Foundation.framework; path = System/Library/Frameworks/Foundation.framework; sourceTree = SDKROOT; };
		6ED5A3571967BCBF00086B10 /* CoreGraphics.framework */ = {isa = PBXFileReference; lastKnownFileType = wrapper.framework; name = CoreGraphics.framework; path = System/Library/Frameworks/CoreGraphics.framework; sourceTree = SDKROOT; };
		6ED5A3591967BCBF00086B10 /* UIKit.framework */ = {isa = PBXFileReference; lastKnownFileType = wrapper.framework; name = UIKit.framework; path = System/Library/Frameworks/UIKit.framework; sourceTree = SDKROOT; };
		6ED5A35D1967BCBF00086B10 /* BlindsView-Info.plist */ = {isa = PBXFileReference; lastKnownFileType = text.plist.xml; path = "BlindsView-Info.plist"; sourceTree = "<group>"; };
		6ED5A35F1967BCBF00086B10 /* en */ = {isa = PBXFileReference; lastKnownFileType = text.plist.strings; name = en; path = en.lproj/InfoPlist.strings; sourceTree = "<group>"; };
		6ED5A3611967BCBF00086B10 /* main.m */ = {isa = PBXFileReference; lastKnownFileType = sourcecode.c.objc; path = main.m; sourceTree = "<group>"; };
		6ED5A3631967BCBF00086B10 /* BlindsView-Prefix.pch */ = {isa = PBXFileReference; lastKnownFileType = sourcecode.c.h; path = "BlindsView-Prefix.pch"; sourceTree = "<group>"; };
		6ED5A3641967BCBF00086B10 /* AppDelegate.h */ = {isa = PBXFileReference; lastKnownFileType = sourcecode.c.h; path = AppDelegate.h; sourceTree = "<group>"; };
		6ED5A3651967BCBF00086B10 /* AppDelegate.m */ = {isa = PBXFileReference; lastKnownFileType = sourcecode.c.objc; path = AppDelegate.m; sourceTree = "<group>"; };
		6ED5A3671967BCBF00086B10 /* Images.xcassets */ = {isa = PBXFileReference; lastKnownFileType = folder.assetcatalog; path = Images.xcassets; sourceTree = "<group>"; };
		6ED5A36D1967BCBF00086B10 /* BlindsViewTests.xctest */ = {isa = PBXFileReference; explicitFileType = wrapper.cfbundle; includeInIndex = 0; path = BlindsViewTests.xctest; sourceTree = BUILT_PRODUCTS_DIR; };
		6ED5A36E1967BCBF00086B10 /* XCTest.framework */ = {isa = PBXFileReference; lastKnownFileType = wrapper.framework; name = XCTest.framework; path = Library/Frameworks/XCTest.framework; sourceTree = DEVELOPER_DIR; };
		6ED5A3761967BCBF00086B10 /* BlindsViewTests-Info.plist */ = {isa = PBXFileReference; lastKnownFileType = text.plist.xml; path = "BlindsViewTests-Info.plist"; sourceTree = "<group>"; };
		6ED5A3781967BCBF00086B10 /* en */ = {isa = PBXFileReference; lastKnownFileType = text.plist.strings; name = en; path = en.lproj/InfoPlist.strings; sourceTree = "<group>"; };
		6ED5A37A1967BCBF00086B10 /* BlindsViewTests.m */ = {isa = PBXFileReference; lastKnownFileType = sourcecode.c.objc; path = BlindsViewTests.m; sourceTree = "<group>"; };
		6ED5A3841967BCD400086B10 /* aViewController.h */ = {isa = PBXFileReference; fileEncoding = 4; lastKnownFileType = sourcecode.c.h; path = aViewController.h; sourceTree = "<group>"; };
		6ED5A3851967BCD400086B10 /* aViewController.m */ = {isa = PBXFileReference; fileEncoding = 4; lastKnownFileType = sourcecode.c.objc; path = aViewController.m; sourceTree = "<group>"; };
		6ED5A3871967BD4300086B10 /* BlindsSingleView.h */ = {isa = PBXFileReference; fileEncoding = 4; lastKnownFileType = sourcecode.c.h; path = BlindsSingleView.h; sourceTree = "<group>"; };
		6ED5A3881967BD4300086B10 /* BlindsSingleView.m */ = {isa = PBXFileReference; fileEncoding = 4; lastKnownFileType = sourcecode.c.objc; path = BlindsSingleView.m; sourceTree = "<group>"; };
		6ED5A38A1967BE0800086B10 /* 1.jpg */ = {isa = PBXFileReference; lastKnownFileType = image.jpeg; path = 1.jpg; sourceTree = "<group>"; };
		6ED5A38B1967BE0800086B10 /* 2.jpg */ = {isa = PBXFileReference; lastKnownFileType = image.jpeg; path = 2.jpg; sourceTree = "<group>"; };
		6ED5A38E1967BE9F00086B10 /* BlindsView.h */ = {isa = PBXFileReference; fileEncoding = 4; lastKnownFileType = sourcecode.c.h; path = BlindsView.h; sourceTree = "<group>"; };
		6ED5A38F1967BE9F00086B10 /* BlindsView.m */ = {isa = PBXFileReference; fileEncoding = 4; lastKnownFileType = sourcecode.c.objc; path = BlindsView.m; sourceTree = "<group>"; };
		6ED5A3911967C4CA00086B10 /* UIImage+BlindsCreatViewWithSize.h */ = {isa = PBXFileReference; fileEncoding = 4; lastKnownFileType = sourcecode.c.h; path = "UIImage+BlindsCreatViewWithSize.h"; sourceTree = "<group>"; };
		6ED5A3921967C4CA00086B10 /* UIImage+BlindsCreatViewWithSize.m */ = {isa = PBXFileReference; fileEncoding = 4; lastKnownFileType = sourcecode.c.objc; path = "UIImage+BlindsCreatViewWithSize.m"; sourceTree = "<group>"; };
/* End PBXFileReference section */

/* Begin PBXFrameworksBuildPhase section */
		6ED5A34F1967BCBF00086B10 /* Frameworks */ = {
			isa = PBXFrameworksBuildPhase;
			buildActionMask = 2147483647;
			files = (
				6ED5A3581967BCBF00086B10 /* CoreGraphics.framework in Frameworks */,
				6ED5A35A1967BCBF00086B10 /* UIKit.framework in Frameworks */,
				6ED5A3561967BCBF00086B10 /* Foundation.framework in Frameworks */,
			);
			runOnlyForDeploymentPostprocessing = 0;
		};
		6ED5A36A1967BCBF00086B10 /* Frameworks */ = {
			isa = PBXFrameworksBuildPhase;
			buildActionMask = 2147483647;
			files = (
				6ED5A36F1967BCBF00086B10 /* XCTest.framework in Frameworks */,
				6ED5A3711967BCBF00086B10 /* UIKit.framework in Frameworks */,
				6ED5A3701967BCBF00086B10 /* Foundation.framework in Frameworks */,
			);
			runOnlyForDeploymentPostprocessing = 0;
		};
/* End PBXFrameworksBuildPhase section */

/* Begin PBXGroup section */
		6ED5A3491967BCBF00086B10 = {
			isa = PBXGroup;
			children = (
				6ED5A35B1967BCBF00086B10 /* BlindsView */,
				6ED5A3741967BCBF00086B10 /* BlindsViewTests */,
				6ED5A3541967BCBF00086B10 /* Frameworks */,
				6ED5A3531967BCBF00086B10 /* Products */,
			);
			sourceTree = "<group>";
		};
		6ED5A3531967BCBF00086B10 /* Products */ = {
			isa = PBXGroup;
			children = (
				6ED5A3521967BCBF00086B10 /* BlindsView.app */,
				6ED5A36D1967BCBF00086B10 /* BlindsViewTests.xctest */,
			);
			name = Products;
			sourceTree = "<group>";
		};
		6ED5A3541967BCBF00086B10 /* Frameworks */ = {
			isa = PBXGroup;
			children = (
				6ED5A3551967BCBF00086B10 /* Foundation.framework */,
				6ED5A3571967BCBF00086B10 /* CoreGraphics.framework */,
				6ED5A3591967BCBF00086B10 /* UIKit.framework */,
				6ED5A36E1967BCBF00086B10 /* XCTest.framework */,
			);
			name = Frameworks;
			sourceTree = "<group>";
		};
		6ED5A35B1967BCBF00086B10 /* BlindsView */ = {
			isa = PBXGroup;
			children = (
				6ED5A3641967BCBF00086B10 /* AppDelegate.h */,
				6ED5A3651967BCBF00086B10 /* AppDelegate.m */,
				6ED5A3841967BCD400086B10 /* aViewController.h */,
				6ED5A3851967BCD400086B10 /* aViewController.m */,
				6ED5A3871967BD4300086B10 /* BlindsSingleView.h */,
				6ED5A3881967BD4300086B10 /* BlindsSingleView.m */,
				6ED5A38E1967BE9F00086B10 /* BlindsView.h */,
				6ED5A38F1967BE9F00086B10 /* BlindsView.m */,
				6ED5A3911967C4CA00086B10 /* UIImage+BlindsCreatViewWithSize.h */,
				6ED5A3921967C4CA00086B10 /* UIImage+BlindsCreatViewWithSize.m */,
				6ED5A38A1967BE0800086B10 /* 1.jpg */,
				6ED5A38B1967BE0800086B10 /* 2.jpg */,
				6ED5A3671967BCBF00086B10 /* Images.xcassets */,
				6ED5A35C1967BCBF00086B10 /* Supporting Files */,
			);
			path = BlindsView;
			sourceTree = "<group>";
		};
		6ED5A35C1967BCBF00086B10 /* Supporting Files */ = {
			isa = PBXGroup;
			children = (
				6ED5A35D1967BCBF00086B10 /* BlindsView-Info.plist */,
				6ED5A35E1967BCBF00086B10 /* InfoPlist.strings */,
				6ED5A3611967BCBF00086B10 /* main.m */,
				6ED5A3631967BCBF00086B10 /* BlindsView-Prefix.pch */,
			);
			name = "Supporting Files";
			sourceTree = "<group>";
		};
		6ED5A3741967BCBF00086B10 /* BlindsViewTests */ = {
			isa = PBXGroup;
			children = (
				6ED5A37A1967BCBF00086B10 /* BlindsViewTests.m */,
				6ED5A3751967BCBF00086B10 /* Supporting Files */,
			);
			path = BlindsViewTests;
			sourceTree = "<group>";
		};
		6ED5A3751967BCBF00086B10 /* Supporting Files */ = {
			isa = PBXGroup;
			children = (
				6ED5A3761967BCBF00086B10 /* BlindsViewTests-Info.plist */,
				6ED5A3771967BCBF00086B10 /* InfoPlist.strings */,
			);
			name = "Supporting Files";
			sourceTree = "<group>";
		};
/* End PBXGroup section */

/* Begin PBXNativeTarget section */
		6ED5A3511967BCBF00086B10 /* BlindsView */ = {
			isa = PBXNativeTarget;
			buildConfigurationList = 6ED5A37E1967BCBF00086B10 /* Build configuration list for PBXNativeTarget "BlindsView" */;
			buildPhases = (
				6ED5A34E1967BCBF00086B10 /* Sources */,
				6ED5A34F1967BCBF00086B10 /* Frameworks */,
				6ED5A3501967BCBF00086B10 /* Resources */,
			);
			buildRules = (
			);
			dependencies = (
			);
			name = BlindsView;
			productName = BlindsView;
			productReference = 6ED5A3521967BCBF00086B10 /* BlindsView.app */;
			productType = "com.apple.product-type.application";
		};
		6ED5A36C1967BCBF00086B10 /* BlindsViewTests */ = {
			isa = PBXNativeTarget;
			buildConfigurationList = 6ED5A3811967BCBF00086B10 /* Build configuration list for PBXNativeTarget "BlindsViewTests" */;
			buildPhases = (
				6ED5A3691967BCBF00086B10 /* Sources */,
				6ED5A36A1967BCBF00086B10 /* Frameworks */,
				6ED5A36B1967BCBF00086B10 /* Resources */,
			);
			buildRules = (
			);
			dependencies = (
				6ED5A3731967BCBF00086B10 /* PBXTargetDependency */,
			);
			name = BlindsViewTests;
			productName = BlindsViewTests;
			productReference = 6ED5A36D1967BCBF00086B10 /* BlindsViewTests.xctest */;
			productType = "com.apple.product-type.bundle.unit-test";
		};
/* End PBXNativeTarget section */

/* Begin PBXProject section */
		6ED5A34A1967BCBF00086B10 /* Project object */ = {
			isa = PBXProject;
			attributes = {
				LastUpgradeCheck = 0510;
				ORGANIZATIONNAME = MyName;
				TargetAttributes = {
					6ED5A36C1967BCBF00086B10 = {
						TestTargetID = 6ED5A3511967BCBF00086B10;
					};
				};
			};
			buildConfigurationList = 6ED5A34D1967BCBF00086B10 /* Build configuration list for PBXProject "BlindsView" */;
			compatibilityVersion = "Xcode 3.2";
			developmentRegion = English;
			hasScannedForEncodings = 0;
			knownRegions = (
				en,
			);
			mainGroup = 6ED5A3491967BCBF00086B10;
			productRefGroup = 6ED5A3531967BCBF00086B10 /* Products */;
			projectDirPath = "";
			projectRoot = "";
			targets = (
				6ED5A3511967BCBF00086B10 /* BlindsView */,
				6ED5A36C1967BCBF00086B10 /* BlindsViewTests */,
			);
		};
/* End PBXProject section */

/* Begin PBXResourcesBuildPhase section */
		6ED5A3501967BCBF00086B10 /* Resources */ = {
			isa = PBXResourcesBuildPhase;
			buildActionMask = 2147483647;
			files = (
				6ED5A38C1967BE0800086B10 /* 1.jpg in Resources */,
				6ED5A3601967BCBF00086B10 /* InfoPlist.strings in Resources */,
				6ED5A38D1967BE0800086B10 /* 2.jpg in Resources */,
				6ED5A3681967BCBF00086B10 /* Images.xcassets in Resources */,
			);
			runOnlyForDeploymentPostprocessing = 0;
		};
		6ED5A36B1967BCBF00086B10 /* Resources */ = {
			isa = PBXResourcesBuildPhase;
			buildActionMask = 2147483647;
			files = (
				6ED5A3791967BCBF00086B10 /* InfoPlist.strings in Resources */,
			);
			runOnlyForDeploymentPostprocessing = 0;
		};
/* End PBXResourcesBuildPhase section */

/* Begin PBXSourcesBuildPhase section */
		6ED5A34E1967BCBF00086B10 /* Sources */ = {
			isa = PBXSourcesBuildPhase;
			buildActionMask = 2147483647;
			files = (
				6ED5A3661967BCBF00086B10 /* AppDelegate.m in Sources */,
				6ED5A3861967BCD400086B10 /* aViewController.m in Sources */,
				6ED5A3891967BD4300086B10 /* BlindsSingleView.m in Sources */,
				6ED5A3931967C4CA00086B10 /* UIImage+BlindsCreatViewWithSize.m in Sources */,
				6ED5A3621967BCBF00086B10 /* main.m in Sources */,
				6ED5A3901967BE9F00086B10 /* BlindsView.m in Sources */,
			);
			runOnlyForDeploymentPostprocessing = 0;
		};
		6ED5A3691967BCBF00086B10 /* Sources */ = {
			isa = PBXSourcesBuildPhase;
			buildActionMask = 2147483647;
			files = (
				6ED5A37B1967BCBF00086B10 /* BlindsViewTests.m in Sources */,
			);
			runOnlyForDeploymentPostprocessing = 0;
		};
/* End PBXSourcesBuildPhase section */

/* Begin PBXTargetDependency section */
		6ED5A3731967BCBF00086B10 /* PBXTargetDependency */ = {
			isa = PBXTargetDependency;
			target = 6ED5A3511967BCBF00086B10 /* BlindsView */;
			targetProxy = 6ED5A3721967BCBF00086B10 /* PBXContainerItemProxy */;
		};
/* End PBXTargetDependency section */

/* Begin PBXVariantGroup section */
		6ED5A35E1967BCBF00086B10 /* InfoPlist.strings */ = {
			isa = PBXVariantGroup;
			children = (
				6ED5A35F1967BCBF00086B10 /* en */,
			);
			name = InfoPlist.strings;
			sourceTree = "<group>";
		};
		6ED5A3771967BCBF00086B10 /* InfoPlist.strings */ = {
			isa = PBXVariantGroup;
			children = (
				6ED5A3781967BCBF00086B10 /* en */,
			);
			name = InfoPlist.strings;
			sourceTree = "<group>";
		};
/* End PBXVariantGroup section */

/* Begin XCBuildConfiguration section */
		6ED5A37C1967BCBF00086B10 /* Debug */ = {
			isa = XCBuildConfiguration;
			buildSettings = {
				ALWAYS_SEARCH_USER_PATHS = NO;
				CLANG_CXX_LANGUAGE_STANDARD = "gnu++0x";
				CLANG_CXX_LIBRARY = "libc++";
				CLANG_ENABLE_MODULES = YES;
				CLANG_ENABLE_OBJC_ARC = YES;
				CLANG_WARN_BOOL_CONVERSION = YES;
				CLANG_WARN_CONSTANT_CONVERSION = YES;
				CLANG_WARN_DIRECT_OBJC_ISA_USAGE = YES_ERROR;
				CLANG_WARN_EMPTY_BODY = YES;
				CLANG_WARN_ENUM_CONVERSION = YES;
				CLANG_WARN_INT_CONVERSION = YES;
				CLANG_WARN_OBJC_ROOT_CLASS = YES_ERROR;
				CLANG_WARN__DUPLICATE_METHOD_MATCH = YES;
				"CODE_SIGN_IDENTITY[sdk=iphoneos*]" = "iPhone Developer";
				COPY_PHASE_STRIP = NO;
				GCC_C_LANGUAGE_STANDARD = gnu99;
				GCC_DYNAMIC_NO_PIC = NO;
				GCC_OPTIMIZATION_LEVEL = 0;
				GCC_PREPROCESSOR_DEFINITIONS = (
					"DEBUG=1",
					"$(inherited)",
				);
				GCC_SYMBOLS_PRIVATE_EXTERN = NO;
				GCC_WARN_64_TO_32_BIT_CONVERSION = YES;
				GCC_WARN_ABOUT_RETURN_TYPE = YES_ERROR;
				GCC_WARN_UNDECLARED_SELECTOR = YES;
				GCC_WARN_UNINITIALIZED_AUTOS = YES_AGGRESSIVE;
				GCC_WARN_UNUSED_FUNCTION = YES;
				GCC_WARN_UNUSED_VARIABLE = YES;
				IPHONEOS_DEPLOYMENT_TARGET = 7.1;
				ONLY_ACTIVE_ARCH = YES;
				SDKROOT = iphoneos;
				TARGETED_DEVICE_FAMILY = "1,2";
			};
			name = Debug;
		};
		6ED5A37D1967BCBF00086B10 /* Release */ = {
			isa = XCBuildConfiguration;
			buildSettings = {
				ALWAYS_SEARCH_USER_PATHS = NO;
				CLANG_CXX_LANGUAGE_STANDARD = "gnu++0x";
				CLANG_CXX_LIBRARY = "libc++";
				CLANG_ENABLE_MODULES = YES;
				CLANG_ENABLE_OBJC_ARC = YES;
				CLANG_WARN_BOOL_CONVERSION = YES;
				CLANG_WARN_CONSTANT_CONVERSION = YES;
				CLANG_WARN_DIRECT_OBJC_ISA_USAGE = YES_ERROR;
				CLANG_WARN_EMPTY_BODY = YES;
				CLANG_WARN_ENUM_CONVERSION = YES;
				CLANG_WARN_INT_CONVERSION = YES;
				CLANG_WARN_OBJC_ROOT_CLASS = YES_ERROR;
				CLANG_WARN__DUPLICATE_METHOD_MATCH = YES;
				"CODE_SIGN_IDENTITY[sdk=iphoneos*]" = "iPhone Developer";
				COPY_PHASE_STRIP = YES;
				ENABLE_NS_ASSERTIONS = NO;
				GCC_C_LANGUAGE_STANDARD = gnu99;
				GCC_WARN_64_TO_32_BIT_CONVERSION = YES;
				GCC_WARN_ABOUT_RETURN_TYPE = YES_ERROR;
				GCC_WARN_UNDECLARED_SELECTOR = YES;
				GCC_WARN_UNINITIALIZED_AUTOS = YES_AGGRESSIVE;
				GCC_WARN_UNUSED_FUNCTION = YES;
				GCC_WARN_UNUSED_VARIABLE = YES;
				IPHONEOS_DEPLOYMENT_TARGET = 7.1;
				SDKROOT = iphoneos;
				TARGETED_DEVICE_FAMILY = "1,2";
				VALIDATE_PRODUCT = YES;
			};
			name = Release;
		};
		6ED5A37F1967BCBF00086B10 /* Debug */ = {
			isa = XCBuildConfiguration;
			buildSettings = {
				ASSETCATALOG_COMPILER_APPICON_NAME = AppIcon;
				ASSETCATALOG_COMPILER_LAUNCHIMAGE_NAME = LaunchImage;
				GCC_PRECOMPILE_PREFIX_HEADER = YES;
				GCC_PREFIX_HEADER = "BlindsView/BlindsView-Prefix.pch";
				INFOPLIST_FILE = "BlindsView/BlindsView-Info.plist";
				PRODUCT_NAME = "$(TARGET_NAME)";
				WRAPPER_EXTENSION = app;
			};
			name = Debug;
		};
		6ED5A3801967BCBF00086B10 /* Release */ = {
			isa = XCBuildConfiguration;
			buildSettings = {
				ASSETCATALOG_COMPILER_APPICON_NAME = AppIcon;
				ASSETCATALOG_COMPILER_LAUNCHIMAGE_NAME = LaunchImage;
				GCC_PRECOMPILE_PREFIX_HEADER = YES;
				GCC_PREFIX_HEADER = "BlindsView/BlindsView-Prefix.pch";
				INFOPLIST_FILE = "BlindsView/BlindsView-Info.plist";
				PRODUCT_NAME = "$(TARGET_NAME)";
				WRAPPER_EXTENSION = app;
			};
			name = Release;
		};
		6ED5A3821967BCBF00086B10 /* Debug */ = {
			isa = XCBuildConfiguration;
			buildSettings = {
				BUNDLE_LOADER = "$(BUILT_PRODUCTS_DIR)/BlindsView.app/BlindsView";
				FRAMEWORK_SEARCH_PATHS = (
					"$(SDKROOT)/Developer/Library/Frameworks",
					"$(inherited)",
					"$(DEVELOPER_FRAMEWORKS_DIR)",
				);
				GCC_PRECOMPILE_PREFIX_HEADER = YES;
				GCC_PREFIX_HEADER = "BlindsView/BlindsView-Prefix.pch";
				GCC_PREPROCESSOR_DEFINITIONS = (
					"DEBUG=1",
					"$(inherited)",
				);
				INFOPLIST_FILE = "BlindsViewTests/BlindsViewTests-Info.plist";
				PRODUCT_NAME = "$(TARGET_NAME)";
				TEST_HOST = "$(BUNDLE_LOADER)";
				WRAPPER_EXTENSION = xctest;
			};
			name = Debug;
		};
		6ED5A3831967BCBF00086B10 /* Release */ = {
			isa = XCBuildConfiguration;
			buildSettings = {
				BUNDLE_LOADER = "$(BUILT_PRODUCTS_DIR)/BlindsView.app/BlindsView";
				FRAMEWORK_SEARCH_PATHS = (
					"$(SDKROOT)/Developer/Library/Frameworks",
					"$(inherited)",
					"$(DEVELOPER_FRAMEWORKS_DIR)",
				);
				GCC_PRECOMPILE_PREFIX_HEADER = YES;
				GCC_PREFIX_HEADER = "BlindsView/BlindsView-Prefix.pch";
				INFOPLIST_FILE = "BlindsViewTests/BlindsViewTests-Info.plist";
				PRODUCT_NAME = "$(TARGET_NAME)";
				TEST_HOST = "$(BUNDLE_LOADER)";
				WRAPPER_EXTENSION = xctest;
			};
			name = Release;
		};
/* End XCBuildConfiguration section */

/* Begin XCConfigurationList section */
		6ED5A34D1967BCBF00086B10 /* Build configuration list for PBXProject "BlindsView" */ = {
			isa = XCConfigurationList;
			buildConfigurations = (
				6ED5A37C1967BCBF00086B10 /* Debug */,
				6ED5A37D1967BCBF00086B10 /* Release */,
			);
			defaultConfigurationIsVisible = 0;
			defaultConfigurationName = Release;
		};
		6ED5A37E1967BCBF00086B10 /* Build configuration list for PBXNativeTarget "BlindsView" */ = {
			isa = XCConfigurationList;
			buildConfigurations = (
				6ED5A37F1967BCBF00086B10 /* Debug */,
				6ED5A3801967BCBF00086B10 /* Release */,
			);
			defaultConfigurationIsVisible = 0;
		};
		6ED5A3811967BCBF00086B10 /* Build configuration list for PBXNativeTarget "BlindsViewTests" */ = {
			isa = XCConfigurationList;
			buildConfigurations = (
				6ED5A3821967BCBF00086B10 /* Debug */,
				6ED5A3831967BCBF00086B10 /* Release */,
			);
			defaultConfigurationIsVisible = 0;
		};
/* End XCConfigurationList section */
	};
	rootObject = 6ED5A34A1967BCBF00086B10 /* Project object */;
}
